
Microsoft Visual Studio Solution File, Format Version 12.00
# Visual Studio Version 17
VisualStudioVersion = 17.10.35122.118
MinimumVisualStudioVersion = 10.0.40219.1
Project("{FAE04EC0-301F-11D3-BF4B-00C04F79EFBC}") = "UI", "UI\UI.csproj", "{2B575F55-28DE-4DCE-BBA9-36696A5E2AC3}"
EndProject
Global
	GlobalSection(SolutionConfigurationPlatforms) = preSolution
		Debug|Any CPU = Debug|Any CPU
		Release|Any CPU = Release|Any CPU
	EndGlobalSection
	GlobalSection(ProjectConfigurationPlatforms) = postSolution
		{2B575F55-28DE-4DCE-BBA9-36696A5E2AC3}.Debug|Any CPU.ActiveCfg = Debug|Any CPU
		{2B575F55-28DE-4DCE-BBA9-36696A5E2AC3}.Debug|Any CPU.Build.0 = Debug|Any CPU
		{2B575F55-28DE-4DCE-BBA9-36696A5E2AC3}.Release|Any CPU.ActiveCfg = Release|Any CPU
		{2B575F55-28DE-4DCE-BBA9-36696A5E2AC3}.Release|Any CPU.Build.0 = Release|Any CPU
	EndGlobalSection
	GlobalSection(SolutionProperties) = preSolution
		HideSolutionNode = FALSE
	EndGlobalSection
	GlobalSection(ExtensibilityGlobals) = postSolution
		SolutionGuid = {97CAF0E7-E7DF-4E17-801C-1C0FF27F4375}
	EndGlobalSection
EndGlobal
